
Microsoft Visual Studio Solution File, Format Version 12.00
# Visual Studio Version 17
VisualStudioVersion = 17.4.33213.308
MinimumVisualStudioVersion = 10.0.40219.1
Project("{FAE04EC0-301F-11D3-BF4B-00C04F79EFBC}") = "GetPCMData.iOS", "GetPCMData.iOS\GetPCMData.iOS.csproj", "{4019F238-5307-417F-9270-FD1A3D8A8588}"
EndProject
Project("{9A19103F-16F7-4668-BE54-9A1E7A4F7556}") = "GetPCMData", "GetPCMData\GetPCMData.csproj", "{D9B04AED-F1BE-4BD2-AFBE-BA89C796CB41}"
EndProject
Project("{FAE04EC0-301F-11D3-BF4B-00C04F79EFBC}") = "StupidServer", "..\StupidServer\StupidServer.csproj", "{67A43642-0277-4F9B-8DC1-612B67718F2B}"
EndProject
Global
	GlobalSection(SolutionConfigurationPlatforms) = preSolution
		Debug|Any CPU = Debug|Any CPU
		Debug|iPhone = Debug|iPhone
		Debug|iPhoneSimulator = Debug|iPhoneSimulator
		Release|Any CPU = Release|Any CPU
		Release|iPhone = Release|iPhone
		Release|iPhoneSimulator = Release|iPhoneSimulator
	EndGlobalSection
	GlobalSection(ProjectConfigurationPlatforms) = postSolution
		{4019F238-5307-417F-9270-FD1A3D8A8588}.Debug|Any CPU.ActiveCfg = Debug|iPhoneSimulator
		{4019F238-5307-417F-9270-FD1A3D8A8588}.Debug|Any CPU.Build.0 = Debug|iPhoneSimulator
		{4019F238-5307-417F-9270-FD1A3D8A8588}.Debug|Any CPU.Deploy.0 = Debug|iPhoneSimulator
		{4019F238-5307-417F-9270-FD1A3D8A8588}.Debug|iPhone.ActiveCfg = Debug|iPhone
		{4019F238-5307-417F-9270-FD1A3D8A8588}.Debug|iPhone.Build.0 = Debug|iPhone
		{4019F238-5307-417F-9270-FD1A3D8A8588}.Debug|iPhone.Deploy.0 = Debug|iPhone
		{4019F238-5307-417F-9270-FD1A3D8A8588}.Debug|iPhoneSimulator.ActiveCfg = Debug|iPhoneSimulator
		{4019F238-5307-417F-9270-FD1A3D8A8588}.Debug|iPhoneSimulator.Build.0 = Debug|iPhoneSimulator
		{4019F238-5307-417F-9270-FD1A3D8A8588}.Debug|iPhoneSimulator.Deploy.0 = Debug|iPhoneSimulator
		{4019F238-5307-417F-9270-FD1A3D8A8588}.Release|Any CPU.ActiveCfg = Release|iPhoneSimulator
		{4019F238-5307-417F-9270-FD1A3D8A8588}.Release|Any CPU.Build.0 = Release|iPhoneSimulator
		{4019F238-5307-417F-9270-FD1A3D8A8588}.Release|Any CPU.Deploy.0 = Release|iPhoneSimulator
		{4019F238-5307-417F-9270-FD1A3D8A8588}.Release|iPhone.ActiveCfg = Release|iPhone
		{4019F238-5307-417F-9270-FD1A3D8A8588}.Release|iPhone.Build.0 = Release|iPhone
		{4019F238-5307-417F-9270-FD1A3D8A8588}.Release|iPhone.Deploy.0 = Release|iPhone
		{4019F238-5307-417F-9270-FD1A3D8A8588}.Release|iPhoneSimulator.ActiveCfg = Release|iPhoneSimulator
		{4019F238-5307-417F-9270-FD1A3D8A8588}.Release|iPhoneSimulator.Build.0 = Release|iPhoneSimulator
		{4019F238-5307-417F-9270-FD1A3D8A8588}.Release|iPhoneSimulator.Deploy.0 = Release|iPhoneSimulator
		{D9B04AED-F1BE-4BD2-AFBE-BA89C796CB41}.Debug|Any CPU.ActiveCfg = Debug|Any CPU
		{D9B04AED-F1BE-4BD2-AFBE-BA89C796CB41}.Debug|Any CPU.Build.0 = Debug|Any CPU
		{D9B04AED-F1BE-4BD2-AFBE-BA89C796CB41}.Debug|Any CPU.Deploy.0 = Debug|Any CPU
		{D9B04AED-F1BE-4BD2-AFBE-BA89C796CB41}.Debug|iPhone.ActiveCfg = Debug|Any CPU
		{D9B04AED-F1BE-4BD2-AFBE-BA89C796CB41}.Debug|iPhone.Build.0 = Debug|Any CPU
		{D9B04AED-F1BE-4BD2-AFBE-BA89C796CB41}.Debug|iPhone.Deploy.0 = Debug|Any CPU
		{D9B04AED-F1BE-4BD2-AFBE-BA89C796CB41}.Debug|iPhoneSimulator.ActiveCfg = Debug|Any CPU
		{D9B04AED-F1BE-4BD2-AFBE-BA89C796CB41}.Debug|iPhoneSimulator.Build.0 = Debug|Any CPU
		{D9B04AED-F1BE-4BD2-AFBE-BA89C796CB41}.Debug|iPhoneSimulator.Deploy.0 = Debug|Any CPU
		{D9B04AED-F1BE-4BD2-AFBE-BA89C796CB41}.Release|Any CPU.ActiveCfg = Release|Any CPU
		{D9B04AED-F1BE-4BD2-AFBE-BA89C796CB41}.Release|Any CPU.Build.0 = Release|Any CPU
		{D9B04AED-F1BE-4BD2-AFBE-BA89C796CB41}.Release|Any CPU.Deploy.0 = Release|Any CPU
		{D9B04AED-F1BE-4BD2-AFBE-BA89C796CB41}.Release|iPhone.ActiveCfg = Release|Any CPU
		{D9B04AED-F1BE-4BD2-AFBE-BA89C796CB41}.Release|iPhone.Build.0 = Release|Any CPU
		{D9B04AED-F1BE-4BD2-AFBE-BA89C796CB41}.Release|iPhone.Deploy.0 = Release|Any CPU
		{D9B04AED-F1BE-4BD2-AFBE-BA89C796CB41}.Release|iPhoneSimulator.ActiveCfg = Release|Any CPU
		{D9B04AED-F1BE-4BD2-AFBE-BA89C796CB41}.Release|iPhoneSimulator.Build.0 = Release|Any CPU
		{D9B04AED-F1BE-4BD2-AFBE-BA89C796CB41}.Release|iPhoneSimulator.Deploy.0 = Release|Any CPU
		{67A43642-0277-4F9B-8DC1-612B67718F2B}.Debug|Any CPU.ActiveCfg = Debug|Any CPU
		{67A43642-0277-4F9B-8DC1-612B67718F2B}.Debug|Any CPU.Build.0 = Debug|Any CPU
		{67A43642-0277-4F9B-8DC1-612B67718F2B}.Debug|iPhone.ActiveCfg = Debug|Any CPU
		{67A43642-0277-4F9B-8DC1-612B67718F2B}.Debug|iPhone.Build.0 = Debug|Any CPU
		{67A43642-0277-4F9B-8DC1-612B67718F2B}.Debug|iPhoneSimulator.ActiveCfg = Debug|Any CPU
		{67A43642-0277-4F9B-8DC1-612B67718F2B}.Debug|iPhoneSimulator.Build.0 = Debug|Any CPU
		{67A43642-0277-4F9B-8DC1-612B67718F2B}.Release|Any CPU.ActiveCfg = Release|Any CPU
		{67A43642-0277-4F9B-8DC1-612B67718F2B}.Release|Any CPU.Build.0 = Release|Any CPU
		{67A43642-0277-4F9B-8DC1-612B67718F2B}.Release|iPhone.ActiveCfg = Release|Any CPU
		{67A43642-0277-4F9B-8DC1-612B67718F2B}.Release|iPhone.Build.0 = Release|Any CPU
		{67A43642-0277-4F9B-8DC1-612B67718F2B}.Release|iPhoneSimulator.ActiveCfg = Release|Any CPU
		{67A43642-0277-4F9B-8DC1-612B67718F2B}.Release|iPhoneSimulator.Build.0 = Release|Any CPU
	EndGlobalSection
	GlobalSection(SolutionProperties) = preSolution
		HideSolutionNode = FALSE
	EndGlobalSection
	GlobalSection(ExtensibilityGlobals) = postSolution
		SolutionGuid = {2AFC4BDB-88F5-46C6-899E-9CD5A17F0E0F}
	EndGlobalSection
EndGlobal
